
Microsoft Visual Studio Solution File, Format Version 12.00
# Visual Studio Version 17
VisualStudioVersion = 17.8.34330.188
MinimumVisualStudioVersion = 10.0.40219.1
Project("{FAE04EC0-301F-11D3-BF4B-00C04F79EFBC}") = "How-To", "How-To.csproj", "{B582CBC2-8600-42EC-8130-E23C773F928F}"
EndProject
Global
	GlobalSection(SolutionConfigurationPlatforms) = preSolution
		Debug|Any CPU = Debug|Any CPU
		Release|Any CPU = Release|Any CPU
	EndGlobalSection
	GlobalSection(ProjectConfigurationPlatforms) = postSolution
		{B582CBC2-8600-42EC-8130-E23C773F928F}.Debug|Any CPU.ActiveCfg = Debug|Any CPU
		{B582CBC2-8600-42EC-8130-E23C773F928F}.Debug|Any CPU.Build.0 = Debug|Any CPU
		{B582CBC2-8600-42EC-8130-E23C773F928F}.Release|Any CPU.ActiveCfg = Release|Any CPU
		{B582CBC2-8600-42EC-8130-E23C773F928F}.Release|Any CPU.Build.0 = Release|Any CPU
	EndGlobalSection
	GlobalSection(SolutionProperties) = preSolution
		HideSolutionNode = FALSE
	EndGlobalSection
	GlobalSection(ExtensibilityGlobals) = postSolution
		SolutionGuid = {1C8E4B40-B3DD-4002-8C2A-10FA9007E1F9}
	EndGlobalSection
EndGlobal
